Microsoft Visual Studio Solution File, Format Version 11.00
# Visual Studio 2010
Project("{FAE04EC0-301F-11D3-BF4B-00C04F79EFBC}") = "Library Management", "Library Management.csproj", "{31DC4464-22A8-4F76-8E10-5DA2C4D2EDB0}"
EndProject
Global
	GlobalSection(SolutionConfigurationPlatforms) = preSolution
		Debug|Any CPU = Debug|Any CPU
		Release|Any CPU = Release|Any CPU
	EndGlobalSection
	GlobalSection(ProjectConfigurationPlatforms) = postSolution
		{31DC4464-22A8-4F76-8E10-5DA2C4D2EDB0}.Debug|Any CPU.ActiveCfg = Debug|Any CPU
		{31DC4464-22A8-4F76-8E10-5DA2C4D2EDB0}.Debug|Any CPU.Build.0 = Debug|Any CPU
		{31DC4464-22A8-4F76-8E10-5DA2C4D2EDB0}.Release|Any CPU.ActiveCfg = Release|Any CPU
		{31DC4464-22A8-4F76-8E10-5DA2C4D2EDB0}.Release|Any CPU.Build.0 = Release|Any CPU
	EndGlobalSection
	GlobalSection(SolutionProperties) = preSolution
		HideSolutionNode = FALSE
	EndGlobalSection
EndGlobal
